
Microsoft Visual Studio Solution File, Format Version 12.00
# Visual Studio 15
VisualStudioVersion = 15.0.27428.2015
MinimumVisualStudioVersion = 10.0.40219.1
Project("{9A19103F-16F7-4668-BE54-9A1E7A4F7556}") = "EfCore", "EfCore\EfCore.csproj", "{F6B57ABC-4DD4-4760-8D58-CA81701E7D1F}"
EndProject
Project("{FAE04EC0-301F-11D3-BF4B-00C04F79EFBC}") = "EfCoreBdFirst", "EfCoreBdFirst\EfCoreBdFirst.csproj", "{FC969C29-672C-42FC-A4EC-9B79B6263741}"
EndProject
Global
	GlobalSection(SolutionConfigurationPlatforms) = preSolution
		Debug|Any CPU = Debug|Any CPU
		Release|Any CPU = Release|Any CPU
	EndGlobalSection
	GlobalSection(ProjectConfigurationPlatforms) = postSolution
		{F6B57ABC-4DD4-4760-8D58-CA81701E7D1F}.Debug|Any CPU.ActiveCfg = Debug|Any CPU
		{F6B57ABC-4DD4-4760-8D58-CA81701E7D1F}.Debug|Any CPU.Build.0 = Debug|Any CPU
		{F6B57ABC-4DD4-4760-8D58-CA81701E7D1F}.Release|Any CPU.ActiveCfg = Release|Any CPU
		{F6B57ABC-4DD4-4760-8D58-CA81701E7D1F}.Release|Any CPU.Build.0 = Release|Any CPU
		{FC969C29-672C-42FC-A4EC-9B79B6263741}.Debug|Any CPU.ActiveCfg = Debug|Any CPU
		{FC969C29-672C-42FC-A4EC-9B79B6263741}.Debug|Any CPU.Build.0 = Debug|Any CPU
		{FC969C29-672C-42FC-A4EC-9B79B6263741}.Release|Any CPU.ActiveCfg = Release|Any CPU
		{FC969C29-672C-42FC-A4EC-9B79B6263741}.Release|Any CPU.Build.0 = Release|Any CPU
	EndGlobalSection
	GlobalSection(SolutionProperties) = preSolution
		HideSolutionNode = FALSE
	EndGlobalSection
	GlobalSection(ExtensibilityGlobals) = postSolution
		SolutionGuid = {8CB6B13C-C7AD-4606-9BF9-A010ECBF80D3}
	EndGlobalSection
EndGlobal
